
Microsoft Visual Studio Solution File, Format Version 12.00
# Visual Studio Version 17
VisualStudioVersion = 17.0.32112.339
MinimumVisualStudioVersion = 10.0.40219.1
Project("{FAE04EC0-301F-11D3-BF4B-00C04F79EFBC}") = "DnDCombatHelper.Android", "DnDCombatHelper.Android\DnDCombatHelper.Android.csproj", "{EC057B91-92E2-494A-95A6-5D7DE2FAAE21}"
EndProject
Project("{FAE04EC0-301F-11D3-BF4B-00C04F79EFBC}") = "DnDCombatHelper.iOS", "DnDCombatHelper.iOS\DnDCombatHelper.iOS.csproj", "{9BD1D6FA-3A18-46E4-B682-645011D46540}"
EndProject
Project("{FAE04EC0-301F-11D3-BF4B-00C04F79EFBC}") = "DnDCombatHelper", "DnDCombatHelper\DnDCombatHelper.csproj", "{763A6225-A2F9-4159-AF16-0EF709552C80}"
EndProject
Global
	GlobalSection(SolutionConfigurationPlatforms) = preSolution
		Debug|Any CPU = Debug|Any CPU
		Debug|iPhone = Debug|iPhone
		Debug|iPhoneSimulator = Debug|iPhoneSimulator
		Release|Any CPU = Release|Any CPU
		Release|iPhone = Release|iPhone
		Release|iPhoneSimulator = Release|iPhoneSimulator
	EndGlobalSection
	GlobalSection(ProjectConfigurationPlatforms) = postSolution
		{EC057B91-92E2-494A-95A6-5D7DE2FAAE21}.Debug|Any CPU.ActiveCfg = Debug|Any CPU
		{EC057B91-92E2-494A-95A6-5D7DE2FAAE21}.Debug|Any CPU.Build.0 = Debug|Any CPU
		{EC057B91-92E2-494A-95A6-5D7DE2FAAE21}.Debug|Any CPU.Deploy.0 = Debug|Any CPU
		{EC057B91-92E2-494A-95A6-5D7DE2FAAE21}.Debug|iPhone.ActiveCfg = Debug|Any CPU
		{EC057B91-92E2-494A-95A6-5D7DE2FAAE21}.Debug|iPhone.Build.0 = Debug|Any CPU
		{EC057B91-92E2-494A-95A6-5D7DE2FAAE21}.Debug|iPhone.Deploy.0 = Debug|Any CPU
		{EC057B91-92E2-494A-95A6-5D7DE2FAAE21}.Debug|iPhoneSimulator.ActiveCfg = Debug|Any CPU
		{EC057B91-92E2-494A-95A6-5D7DE2FAAE21}.Debug|iPhoneSimulator.Build.0 = Debug|Any CPU
		{EC057B91-92E2-494A-95A6-5D7DE2FAAE21}.Debug|iPhoneSimulator.Deploy.0 = Debug|Any CPU
		{EC057B91-92E2-494A-95A6-5D7DE2FAAE21}.Release|Any CPU.ActiveCfg = Release|Any CPU
		{EC057B91-92E2-494A-95A6-5D7DE2FAAE21}.Release|Any CPU.Build.0 = Release|Any CPU
		{EC057B91-92E2-494A-95A6-5D7DE2FAAE21}.Release|Any CPU.Deploy.0 = Release|Any CPU
		{EC057B91-92E2-494A-95A6-5D7DE2FAAE21}.Release|iPhone.ActiveCfg = Release|Any CPU
		{EC057B91-92E2-494A-95A6-5D7DE2FAAE21}.Release|iPhone.Build.0 = Release|Any CPU
		{EC057B91-92E2-494A-95A6-5D7DE2FAAE21}.Release|iPhone.Deploy.0 = Release|Any CPU
		{EC057B91-92E2-494A-95A6-5D7DE2FAAE21}.Release|iPhoneSimulator.ActiveCfg = Release|Any CPU
		{EC057B91-92E2-494A-95A6-5D7DE2FAAE21}.Release|iPhoneSimulator.Build.0 = Release|Any CPU
		{EC057B91-92E2-494A-95A6-5D7DE2FAAE21}.Release|iPhoneSimulator.Deploy.0 = Release|Any CPU
		{9BD1D6FA-3A18-46E4-B682-645011D46540}.Debug|Any CPU.ActiveCfg = Debug|iPhone
		{9BD1D6FA-3A18-46E4-B682-645011D46540}.Debug|Any CPU.Build.0 = Debug|iPhone
		{9BD1D6FA-3A18-46E4-B682-645011D46540}.Debug|Any CPU.Deploy.0 = Debug|iPhone
		{9BD1D6FA-3A18-46E4-B682-645011D46540}.Debug|iPhone.ActiveCfg = Debug|iPhone
		{9BD1D6FA-3A18-46E4-B682-645011D46540}.Debug|iPhone.Build.0 = Debug|iPhone
		{9BD1D6FA-3A18-46E4-B682-645011D46540}.Debug|iPhone.Deploy.0 = Debug|iPhone
		{9BD1D6FA-3A18-46E4-B682-645011D46540}.Debug|iPhoneSimulator.ActiveCfg = Debug|iPhoneSimulator
		{9BD1D6FA-3A18-46E4-B682-645011D46540}.Debug|iPhoneSimulator.Build.0 = Debug|iPhoneSimulator
		{9BD1D6FA-3A18-46E4-B682-645011D46540}.Debug|iPhoneSimulator.Deploy.0 = Debug|iPhoneSimulator
		{9BD1D6FA-3A18-46E4-B682-645011D46540}.Release|Any CPU.ActiveCfg = Release|iPhoneSimulator
		{9BD1D6FA-3A18-46E4-B682-645011D46540}.Release|Any CPU.Build.0 = Release|iPhoneSimulator
		{9BD1D6FA-3A18-46E4-B682-645011D46540}.Release|Any CPU.Deploy.0 = Release|iPhoneSimulator
		{9BD1D6FA-3A18-46E4-B682-645011D46540}.Release|iPhone.ActiveCfg = Release|iPhone
		{9BD1D6FA-3A18-46E4-B682-645011D46540}.Release|iPhone.Build.0 = Release|iPhone
		{9BD1D6FA-3A18-46E4-B682-645011D46540}.Release|iPhone.Deploy.0 = Release|iPhone
		{9BD1D6FA-3A18-46E4-B682-645011D46540}.Release|iPhoneSimulator.ActiveCfg = Release|iPhoneSimulator
		{9BD1D6FA-3A18-46E4-B682-645011D46540}.Release|iPhoneSimulator.Build.0 = Release|iPhoneSimulator
		{9BD1D6FA-3A18-46E4-B682-645011D46540}.Release|iPhoneSimulator.Deploy.0 = Release|iPhoneSimulator
		{763A6225-A2F9-4159-AF16-0EF709552C80}.Debug|Any CPU.ActiveCfg = Debug|Any CPU
		{763A6225-A2F9-4159-AF16-0EF709552C80}.Debug|Any CPU.Build.0 = Debug|Any CPU
		{763A6225-A2F9-4159-AF16-0EF709552C80}.Debug|Any CPU.Deploy.0 = Debug|Any CPU
		{763A6225-A2F9-4159-AF16-0EF709552C80}.Debug|iPhone.ActiveCfg = Debug|Any CPU
		{763A6225-A2F9-4159-AF16-0EF709552C80}.Debug|iPhone.Build.0 = Debug|Any CPU
		{763A6225-A2F9-4159-AF16-0EF709552C80}.Debug|iPhone.Deploy.0 = Debug|Any CPU
		{763A6225-A2F9-4159-AF16-0EF709552C80}.Debug|iPhoneSimulator.ActiveCfg = Debug|Any CPU
		{763A6225-A2F9-4159-AF16-0EF709552C80}.Debug|iPhoneSimulator.Build.0 = Debug|Any CPU
		{763A6225-A2F9-4159-AF16-0EF709552C80}.Debug|iPhoneSimulator.Deploy.0 = Debug|Any CPU
		{763A6225-A2F9-4159-AF16-0EF709552C80}.Release|Any CPU.ActiveCfg = Release|Any CPU
		{763A6225-A2F9-4159-AF16-0EF709552C80}.Release|Any CPU.Build.0 = Release|Any CPU
		{763A6225-A2F9-4159-AF16-0EF709552C80}.Release|Any CPU.Deploy.0 = Release|Any CPU
		{763A6225-A2F9-4159-AF16-0EF709552C80}.Release|iPhone.ActiveCfg = Release|Any CPU
		{763A6225-A2F9-4159-AF16-0EF709552C80}.Release|iPhone.Build.0 = Release|Any CPU
		{763A6225-A2F9-4159-AF16-0EF709552C80}.Release|iPhone.Deploy.0 = Release|Any CPU
		{763A6225-A2F9-4159-AF16-0EF709552C80}.Release|iPhoneSimulator.ActiveCfg = Release|Any CPU
		{763A6225-A2F9-4159-AF16-0EF709552C80}.Release|iPhoneSimulator.Build.0 = Release|Any CPU
		{763A6225-A2F9-4159-AF16-0EF709552C80}.Release|iPhoneSimulator.Deploy.0 = Release|Any CPU
	EndGlobalSection
	GlobalSection(SolutionProperties) = preSolution
		HideSolutionNode = FALSE
	EndGlobalSection
	GlobalSection(ExtensibilityGlobals) = postSolution
		SolutionGuid = {6ACE58FD-7C93-473C-B25E-6B170CF8BEDD}
	EndGlobalSection
EndGlobal
